// !$*UTF8*$!
{
	archiveVersion = 1;
	classes = {
	};
	objectVersion = 50;
	objects = {

/* Begin PBXBuildFile section */
		2760EF42210B808D00063484 /* MapViewController.swift in Sources */ = {isa = PBXBuildFile; fileRef = 2760EF41210B808D00063484 /* MapViewController.swift */; };
		2760EF45210B816F00063484 /* MapViewViewModel.swift in Sources */ = {isa = PBXBuildFile; fileRef = 2760EF44210B816F00063484 /* MapViewViewModel.swift */; };
		277563E0210DBAE5000A1042 /* APIClientTests.swift in Sources */ = {isa = PBXBuildFile; fileRef = 277563DF210DBAE5000A1042 /* APIClientTests.swift */; };
		277563E3210DD5C0000A1042 /* PoiModelTests.swift in Sources */ = {isa = PBXBuildFile; fileRef = 277563E2210DD5C0000A1042 /* PoiModelTests.swift */; };
		277563E9210E010B000A1042 /* UIColor+GlobalColors.m in Sources */ = {isa = PBXBuildFile; fileRef = 277563E8210E010B000A1042 /* UIColor+GlobalColors.m */; };
		277563ED210E0881000A1042 /* PaddedLabel.swift in Sources */ = {isa = PBXBuildFile; fileRef = 277563EC210E0881000A1042 /* PaddedLabel.swift */; };
		278F029C210AB28000486093 /* AppDelegate.m in Sources */ = {isa = PBXBuildFile; fileRef = 278F029B210AB28000486093 /* AppDelegate.m */; };
		278F029F210AB28000486093 /* POIListViewController.m in Sources */ = {isa = PBXBuildFile; fileRef = 278F029E210AB28000486093 /* POIListViewController.m */; };
		278F02A2210AB28000486093 /* Main.storyboard in Resources */ = {isa = PBXBuildFile; fileRef = 278F02A0210AB28000486093 /* Main.storyboard */; };
		278F02A4210AB28100486093 /* Assets.xcassets in Resources */ = {isa = PBXBuildFile; fileRef = 278F02A3210AB28100486093 /* Assets.xcassets */; };
		278F02A7210AB28100486093 /* LaunchScreen.storyboard in Resources */ = {isa = PBXBuildFile; fileRef = 278F02A5210AB28100486093 /* LaunchScreen.storyboard */; };
		278F02AA210AB28100486093 /* main.m in Sources */ = {isa = PBXBuildFile; fileRef = 278F02A9210AB28100486093 /* main.m */; };
		278F02B4210AB28200486093 /* PoolMeTests.m in Sources */ = {isa = PBXBuildFile; fileRef = 278F02B3210AB28200486093 /* PoolMeTests.m */; };
		278F02BF210AB28200486093 /* PoolMeUITests.m in Sources */ = {isa = PBXBuildFile; fileRef = 278F02BE210AB28200486093 /* PoolMeUITests.m */; };
		278F02D1210B2E4F00486093 /* Poi.m in Sources */ = {isa = PBXBuildFile; fileRef = 278F02D0210B2E4F00486093 /* Poi.m */; };
		278F02D6210B3C9600486093 /* CoreLocation.framework in Frameworks */ = {isa = PBXBuildFile; fileRef = 278F02D5210B3C9500486093 /* CoreLocation.framework */; };
		278F02DB210B567C00486093 /* POIListViewModel.m in Sources */ = {isa = PBXBuildFile; fileRef = 278F02DA210B567C00486093 /* POIListViewModel.m */; };
		278F02E2210B577400486093 /* APIClient.m in Sources */ = {isa = PBXBuildFile; fileRef = 278F02DE210B577400486093 /* APIClient.m */; };
		278F02E3210B577400486093 /* NetworkManager.m in Sources */ = {isa = PBXBuildFile; fileRef = 278F02E1210B577400486093 /* NetworkManager.m */; };
		278F02E7210B588200486093 /* Constants.m in Sources */ = {isa = PBXBuildFile; fileRef = 278F02E5210B588200486093 /* Constants.m */; };
		278F02EB210B6B8000486093 /* POICell.m in Sources */ = {isa = PBXBuildFile; fileRef = 278F02EA210B6B8000486093 /* POICell.m */; };
		278F02EE210B6C1600486093 /* POICellViewModel.m in Sources */ = {isa = PBXBuildFile; fileRef = 278F02ED210B6C1600486093 /* POICellViewModel.m */; };
		42E6D6F40CF764CE97466CCC /* Pods_PoolMeUITests.framework in Frameworks */ = {isa = PBXBuildFile; fileRef = 1A449AD8F524CC237F8A241B /* Pods_PoolMeUITests.framework */; };
		783E15D3AC536C0BE4DA8929 /* Pods_PoolMe.framework in Frameworks */ = {isa = PBXBuildFile; fileRef = 6972DD12987E585B306AD7B8 /* Pods_PoolMe.framework */; };
		B2955E50FEB38FAA0C73C230 /* Pods_PoolMeTests.framework in Frameworks */ = {isa = PBXBuildFile; fileRef = 24911B400A0D806FD0FE4CD9 /* Pods_PoolMeTests.framework */; };
/* End PBXBuildFile section */

/* Begin PBXContainerItemProxy section */
		278F02B0210AB28200486093 /* PBXContainerItemProxy */ = {
			isa = PBXContainerItemProxy;
			containerPortal = 278F028F210AB28000486093 /* Project object */;
			proxyType = 1;
			remoteGlobalIDString = 278F0296210AB28000486093;
			remoteInfo = PoolMe;
		};
		278F02BB210AB28200486093 /* PBXContainerItemProxy */ = {
			isa = PBXContainerItemProxy;
			containerPortal = 278F028F210AB28000486093 /* Project object */;
			proxyType = 1;
			remoteGlobalIDString = 278F0296210AB28000486093;
			remoteInfo = PoolMe;
		};
/* End PBXContainerItemProxy section */

/* Begin PBXFileReference section */
		1A449AD8F524CC237F8A241B /* Pods_PoolMeUITests.framework */ = {isa = PBXFileReference; explicitFileType = wrapper.framework; includeInIndex = 0; path = Pods_PoolMeUITests.framework; sourceTree = BUILT_PRODUCTS_DIR; };
		24911B400A0D806FD0FE4CD9 /* Pods_PoolMeTests.framework */ = {isa = PBXFileReference; explicitFileType = wrapper.framework; includeInIndex = 0; path = Pods_PoolMeTests.framework; sourceTree = BUILT_PRODUCTS_DIR; };
		2760EF40210B808C00063484 /* PoolMe-Bridging-Header.h */ = {isa = PBXFileReference; lastKnownFileType = sourcecode.c.h; path = "PoolMe-Bridging-Header.h"; sourceTree = "<group>"; };
		2760EF41210B808D00063484 /* MapViewController.swift */ = {isa = PBXFileReference; lastKnownFileType = sourcecode.swift; path = MapViewController.swift; sourceTree = "<group>"; };
		2760EF44210B816F00063484 /* MapViewViewModel.swift */ = {isa = PBXFileReference; lastKnownFileType = sourcecode.swift; path = MapViewViewModel.swift; sourceTree = "<group>"; };
		277563DE210DBAE5000A1042 /* PoolMeTests-Bridging-Header.h */ = {isa = PBXFileReference; lastKnownFileType = sourcecode.c.h; path = "PoolMeTests-Bridging-Header.h"; sourceTree = "<group>"; };
		277563DF210DBAE5000A1042 /* APIClientTests.swift */ = {isa = PBXFileReference; lastKnownFileType = sourcecode.swift; path = APIClientTests.swift; sourceTree = "<group>"; };
		277563E2210DD5C0000A1042 /* PoiModelTests.swift */ = {isa = PBXFileReference; lastKnownFileType = sourcecode.swift; path = PoiModelTests.swift; sourceTree = "<group>"; };
		277563E7210E010B000A1042 /* UIColor+GlobalColors.h */ = {isa = PBXFileReference; lastKnownFileType = sourcecode.c.h; path = "UIColor+GlobalColors.h"; sourceTree = "<group>"; };
		277563E8210E010B000A1042 /* UIColor+GlobalColors.m */ = {isa = PBXFileReference; lastKnownFileType = sourcecode.c.objc; path = "UIColor+GlobalColors.m"; sourceTree = "<group>"; };
		277563EC210E0881000A1042 /* PaddedLabel.swift */ = {isa = PBXFileReference; lastKnownFileType = sourcecode.swift; path = PaddedLabel.swift; sourceTree = "<group>"; };
		278F0297210AB28000486093 /* PoolMe.app */ = {isa = PBXFileReference; explicitFileType = wrapper.application; includeInIndex = 0; path = PoolMe.app; sourceTree = BUILT_PRODUCTS_DIR; };
		278F029A210AB28000486093 /* AppDelegate.h */ = {isa = PBXFileReference; lastKnownFileType = sourcecode.c.h; path = AppDelegate.h; sourceTree = "<group>"; };
		278F029B210AB28000486093 /* AppDelegate.m */ = {isa = PBXFileReference; lastKnownFileType = sourcecode.c.objc; path = AppDelegate.m; sourceTree = "<group>"; };
		278F029D210AB28000486093 /* POIListViewController.h */ = {isa = PBXFileReference; lastKnownFileType = sourcecode.c.h; path = POIListViewController.h; sourceTree = "<group>"; };
		278F029E210AB28000486093 /* POIListViewController.m */ = {isa = PBXFileReference; lastKnownFileType = sourcecode.c.objc; path = POIListViewController.m; sourceTree = "<group>"; };
		278F02A1210AB28000486093 /* Base */ = {isa = PBXFileReference; lastKnownFileType = file.storyboard; name = Base; path = Base.lproj/Main.storyboard; sourceTree = "<group>"; };
		278F02A3210AB28100486093 /* Assets.xcassets */ = {isa = PBXFileReference; lastKnownFileType = folder.assetcatalog; path = Assets.xcassets; sourceTree = "<group>"; };
		278F02A6210AB28100486093 /* Base */ = {isa = PBXFileReference; lastKnownFileType = file.storyboard; name = Base; path = Base.lproj/LaunchScreen.storyboard; sourceTree = "<group>"; };
		278F02A8210AB28100486093 /* Info.plist */ = {isa = PBXFileReference; lastKnownFileType = text.plist.xml; path = Info.plist; sourceTree = "<group>"; };
		278F02A9210AB28100486093 /* main.m */ = {isa = PBXFileReference; lastKnownFileType = sourcecode.c.objc; path = main.m; sourceTree = "<group>"; };
		278F02AF210AB28200486093 /* PoolMeTests.xctest */ = {isa = PBXFileReference; explicitFileType = wrapper.cfbundle; includeInIndex = 0; path = PoolMeTests.xctest; sourceTree = BUILT_PRODUCTS_DIR; };
		278F02B3210AB28200486093 /* PoolMeTests.m */ = {isa = PBXFileReference; lastKnownFileType = sourcecode.c.objc; path = PoolMeTests.m; sourceTree = "<group>"; };
		278F02B5210AB28200486093 /* Info.plist */ = {isa = PBXFileReference; lastKnownFileType = text.plist.xml; path = Info.plist; sourceTree = "<group>"; };
		278F02BA210AB28200486093 /* PoolMeUITests.xctest */ = {isa = PBXFileReference; explicitFileType = wrapper.cfbundle; includeInIndex = 0; path = PoolMeUITests.xctest; sourceTree = BUILT_PRODUCTS_DIR; };
		278F02BE210AB28200486093 /* PoolMeUITests.m */ = {isa = PBXFileReference; lastKnownFileType = sourcecode.c.objc; path = PoolMeUITests.m; sourceTree = "<group>"; };
		278F02C0210AB28200486093 /* Info.plist */ = {isa = PBXFileReference; lastKnownFileType = text.plist.xml; path = Info.plist; sourceTree = "<group>"; };
		278F02CF210B2E4F00486093 /* Poi.h */ = {isa = PBXFileReference; lastKnownFileType = sourcecode.c.h; path = Poi.h; sourceTree = "<group>"; };
		278F02D0210B2E4F00486093 /* Poi.m */ = {isa = PBXFileReference; lastKnownFileType = sourcecode.c.objc; path = Poi.m; sourceTree = "<group>"; };
		278F02D5210B3C9500486093 /* CoreLocation.framework */ = {isa = PBXFileReference; lastKnownFileType = wrapper.framework; name = CoreLocation.framework; path = System/Library/Frameworks/CoreLocation.framework; sourceTree = SDKROOT; };
		278F02D9210B567C00486093 /* POIListViewModel.h */ = {isa = PBXFileReference; lastKnownFileType = sourcecode.c.h; path = POIListViewModel.h; sourceTree = "<group>"; };
		278F02DA210B567C00486093 /* POIListViewModel.m */ = {isa = PBXFileReference; lastKnownFileType = sourcecode.c.objc; path = POIListViewModel.m; sourceTree = "<group>"; };
		278F02DD210B577400486093 /* APIClient.h */ = {isa = PBXFileReference; fileEncoding = 4; lastKnownFileType = sourcecode.c.h; path = APIClient.h; sourceTree = "<group>"; };
		278F02DE210B577400486093 /* APIClient.m */ = {isa = PBXFileReference; fileEncoding = 4; lastKnownFileType = sourcecode.c.objc; path = APIClient.m; sourceTree = "<group>"; };
		278F02E0210B577400486093 /* NetworkManager.h */ = {isa = PBXFileReference; fileEncoding = 4; lastKnownFileType = sourcecode.c.h; path = NetworkManager.h; sourceTree = "<group>"; };
		278F02E1210B577400486093 /* NetworkManager.m */ = {isa = PBXFileReference; fileEncoding = 4; lastKnownFileType = sourcecode.c.objc; path = NetworkManager.m; sourceTree = "<group>"; };
		278F02E5210B588200486093 /* Constants.m */ = {isa = PBXFileReference; fileEncoding = 4; lastKnownFileType = sourcecode.c.objc; path = Constants.m; sourceTree = "<group>"; };
		278F02E6210B588200486093 /* Constants.h */ = {isa = PBXFileReference; fileEncoding = 4; lastKnownFileType = sourcecode.c.h; path = Constants.h; sourceTree = "<group>"; };
		278F02E9210B6B8000486093 /* POICell.h */ = {isa = PBXFileReference; lastKnownFileType = sourcecode.c.h; path = POICell.h; sourceTree = "<group>"; };
		278F02EA210B6B8000486093 /* POICell.m */ = {isa = PBXFileReference; lastKnownFileType = sourcecode.c.objc; path = POICell.m; sourceTree = "<group>"; };
		278F02EC210B6C1600486093 /* POICellViewModel.h */ = {isa = PBXFileReference; lastKnownFileType = sourcecode.c.h; path = POICellViewModel.h; sourceTree = "<group>"; };
		278F02ED210B6C1600486093 /* POICellViewModel.m */ = {isa = PBXFileReference; lastKnownFileType = sourcecode.c.objc; path = POICellViewModel.m; sourceTree = "<group>"; };
		6972DD12987E585B306AD7B8 /* Pods_PoolMe.framework */ = {isa = PBXFileReference; explicitFileType = wrapper.framework; includeInIndex = 0; path = Pods_PoolMe.framework; sourceTree = BUILT_PRODUCTS_DIR; };
		7FDEF2881C30359AD9E7F3A3 /* Pods-PoolMe.release.xcconfig */ = {isa = PBXFileReference; includeInIndex = 1; lastKnownFileType = text.xcconfig; name = "Pods-PoolMe.release.xcconfig"; path = "Pods/Target Support Files/Pods-PoolMe/Pods-PoolMe.release.xcconfig"; sourceTree = "<group>"; };
		96A674FAF96D960787ACAB9D /* Pods-PoolMeTests.release.xcconfig */ = {isa = PBXFileReference; includeInIndex = 1; lastKnownFileType = text.xcconfig; name = "Pods-PoolMeTests.release.xcconfig"; path = "Pods/Target Support Files/Pods-PoolMeTests/Pods-PoolMeTests.release.xcconfig"; sourceTree = "<group>"; };
		AAC436762ACC5595CFF0C909 /* Pods-PoolMeUITests.release.xcconfig */ = {isa = PBXFileReference; includeInIndex = 1; lastKnownFileType = text.xcconfig; name = "Pods-PoolMeUITests.release.xcconfig"; path = "Pods/Target Support Files/Pods-PoolMeUITests/Pods-PoolMeUITests.release.xcconfig"; sourceTree = "<group>"; };
		CB31B7E72B6C4736DD1C7E66 /* Pods-PoolMe.debug.xcconfig */ = {isa = PBXFileReference; includeInIndex = 1; lastKnownFileType = text.xcconfig; name = "Pods-PoolMe.debug.xcconfig"; path = "Pods/Target Support Files/Pods-PoolMe/Pods-PoolMe.debug.xcconfig"; sourceTree = "<group>"; };
		E7FFB599630F0529BE8979DE /* Pods-PoolMeTests.debug.xcconfig */ = {isa = PBXFileReference; includeInIndex = 1; lastKnownFileType = text.xcconfig; name = "Pods-PoolMeTests.debug.xcconfig"; path = "Pods/Target Support Files/Pods-PoolMeTests/Pods-PoolMeTests.debug.xcconfig"; sourceTree = "<group>"; };
		E9B4FA329C40BBA398EB4BA9 /* Pods-PoolMeUITests.debug.xcconfig */ = {isa = PBXFileReference; includeInIndex = 1; lastKnownFileType = text.xcconfig; name = "Pods-PoolMeUITests.debug.xcconfig"; path = "Pods/Target Support Files/Pods-PoolMeUITests/Pods-PoolMeUITests.debug.xcconfig"; sourceTree = "<group>"; };
/* End PBXFileReference section */

/* Begin PBXFrameworksBuildPhase section */
		278F0294210AB28000486093 /* Frameworks */ = {
			isa = PBXFrameworksBuildPhase;
			buildActionMask = 2147483647;
			files = (
				278F02D6210B3C9600486093 /* CoreLocation.framework in Frameworks */,
				783E15D3AC536C0BE4DA8929 /* Pods_PoolMe.framework in Frameworks */,
			);
			runOnlyForDeploymentPostprocessing = 0;
		};
		278F02AC210AB28200486093 /* Frameworks */ = {
			isa = PBXFrameworksBuildPhase;
			buildActionMask = 2147483647;
			files = (
				B2955E50FEB38FAA0C73C230 /* Pods_PoolMeTests.framework in Frameworks */,
			);
			runOnlyForDeploymentPostprocessing = 0;
		};
		278F02B7210AB28200486093 /* Frameworks */ = {
			isa = PBXFrameworksBuildPhase;
			buildActionMask = 2147483647;
			files = (
				42E6D6F40CF764CE97466CCC /* Pods_PoolMeUITests.framework in Frameworks */,
			);
			runOnlyForDeploymentPostprocessing = 0;
		};
/* End PBXFrameworksBuildPhase section */

/* Begin PBXGroup section */
		2760EF3A210B7DDE00063484 /* MapViewController */ = {
			isa = PBXGroup;
			children = (
				2760EF3F210B7E1E00063484 /* ViewModel */,
				2760EF3B210B7DF800063484 /* View */,
			);
			path = MapViewController;
			sourceTree = "<group>";
		};
		2760EF3B210B7DF800063484 /* View */ = {
			isa = PBXGroup;
			children = (
				2760EF41210B808D00063484 /* MapViewController.swift */,
			);
			path = View;
			sourceTree = "<group>";
		};
		2760EF3F210B7E1E00063484 /* ViewModel */ = {
			isa = PBXGroup;
			children = (
				2760EF44210B816F00063484 /* MapViewViewModel.swift */,
			);
			path = ViewModel;
			sourceTree = "<group>";
		};
		2760EF43210B80BB00063484 /* SupportingFiles */ = {
			isa = PBXGroup;
			children = (
				2760EF40210B808C00063484 /* PoolMe-Bridging-Header.h */,
			);
			path = SupportingFiles;
			sourceTree = "<group>";
		};
		277563DC210DBA9A000A1042 /* Networking */ = {
			isa = PBXGroup;
			children = (
				277563DD210DBAAE000A1042 /* API Client */,
			);
			path = Networking;
			sourceTree = "<group>";
		};
		277563DD210DBAAE000A1042 /* API Client */ = {
			isa = PBXGroup;
			children = (
				277563DF210DBAE5000A1042 /* APIClientTests.swift */,
				277563DE210DBAE5000A1042 /* PoolMeTests-Bridging-Header.h */,
			);
			path = "API Client";
			sourceTree = "<group>";
		};
		277563E1210DD5A2000A1042 /* Models */ = {
			isa = PBXGroup;
			children = (
				277563E2210DD5C0000A1042 /* PoiModelTests.swift */,
			);
			path = Models;
			sourceTree = "<group>";
		};
		277563E4210DFB3B000A1042 /* Utilities */ = {
			isa = PBXGroup;
			children = (
				277563EB210E086A000A1042 /* PaddedLabel */,
				277563EA210E0857000A1042 /* GlobalColors */,
			);
			path = Utilities;
			sourceTree = "<group>";
		};
		277563EA210E0857000A1042 /* GlobalColors */ = {
			isa = PBXGroup;
			children = (
				277563E7210E010B000A1042 /* UIColor+GlobalColors.h */,
				277563E8210E010B000A1042 /* UIColor+GlobalColors.m */,
			);
			path = GlobalColors;
			sourceTree = "<group>";
		};
		277563EB210E086A000A1042 /* PaddedLabel */ = {
			isa = PBXGroup;
			children = (
				277563EC210E0881000A1042 /* PaddedLabel.swift */,
			);
			path = PaddedLabel;
			sourceTree = "<group>";
		};
		278F028E210AB28000486093 = {
			isa = PBXGroup;
			children = (
				278F0299210AB28000486093 /* PoolMe */,
				278F02B2210AB28200486093 /* PoolMeTests */,
				278F02BD210AB28200486093 /* PoolMeUITests */,
				278F0298210AB28000486093 /* Products */,
				307CCC735540059A62BEFC89 /* Pods */,
				2C96E11590DF749F9C338B5D /* Frameworks */,
			);
			sourceTree = "<group>";
		};
		278F0298210AB28000486093 /* Products */ = {
			isa = PBXGroup;
			children = (
				278F0297210AB28000486093 /* PoolMe.app */,
				278F02AF210AB28200486093 /* PoolMeTests.xctest */,
				278F02BA210AB28200486093 /* PoolMeUITests.xctest */,
			);
			name = Products;
			sourceTree = "<group>";
		};
		278F0299210AB28000486093 /* PoolMe */ = {
			isa = PBXGroup;
			children = (
				277563E4210DFB3B000A1042 /* Utilities */,
				2760EF43210B80BB00063484 /* SupportingFiles */,
				278F02E4210B588200486093 /* Constants */,
				278F02CE210B2E1D00486093 /* Models */,
				278F02CD210AB2E500486093 /* Networking */,
				278F02CC210AB2CB00486093 /* ViewControllers */,
				278F029A210AB28000486093 /* AppDelegate.h */,
				278F029B210AB28000486093 /* AppDelegate.m */,
				278F02A0210AB28000486093 /* Main.storyboard */,
				278F02A3210AB28100486093 /* Assets.xcassets */,
				278F02A5210AB28100486093 /* LaunchScreen.storyboard */,
				278F02A8210AB28100486093 /* Info.plist */,
				278F02A9210AB28100486093 /* main.m */,
			);
			path = PoolMe;
			sourceTree = "<group>";
		};
		278F02B2210AB28200486093 /* PoolMeTests */ = {
			isa = PBXGroup;
			children = (
				277563E1210DD5A2000A1042 /* Models */,
				277563DC210DBA9A000A1042 /* Networking */,
				278F02B3210AB28200486093 /* PoolMeTests.m */,
				278F02B5210AB28200486093 /* Info.plist */,
			);
			path = PoolMeTests;
			sourceTree = "<group>";
		};
		278F02BD210AB28200486093 /* PoolMeUITests */ = {
			isa = PBXGroup;
			children = (
				278F02BE210AB28200486093 /* PoolMeUITests.m */,
				278F02C0210AB28200486093 /* Info.plist */,
			);
			path = PoolMeUITests;
			sourceTree = "<group>";
		};
		278F02CC210AB2CB00486093 /* ViewControllers */ = {
			isa = PBXGroup;
			children = (
				2760EF3A210B7DDE00063484 /* MapViewController */,
				278F02D8210B561E00486093 /* POIListViewController */,
			);
			path = ViewControllers;
			sourceTree = "<group>";
		};
		278F02CD210AB2E500486093 /* Networking */ = {
			isa = PBXGroup;
			children = (
				278F02DC210B577400486093 /* APIClient */,
				278F02DF210B577400486093 /* NetworkManager */,
			);
			path = Networking;
			sourceTree = "<group>";
		};
		278F02CE210B2E1D00486093 /* Models */ = {
			isa = PBXGroup;
			children = (
				278F02CF210B2E4F00486093 /* Poi.h */,
				278F02D0210B2E4F00486093 /* Poi.m */,
			);
			path = Models;
			sourceTree = "<group>";
		};
		278F02D7210B561100486093 /* POIListViewModel */ = {
			isa = PBXGroup;
			children = (
				278F02D9210B567C00486093 /* POIListViewModel.h */,
				278F02DA210B567C00486093 /* POIListViewModel.m */,
				278F02EC210B6C1600486093 /* POICellViewModel.h */,
				278F02ED210B6C1600486093 /* POICellViewModel.m */,
			);
			path = POIListViewModel;
			sourceTree = "<group>";
		};
		278F02D8210B561E00486093 /* POIListViewController */ = {
			isa = PBXGroup;
			children = (
				278F02E8210B6B3700486093 /* View */,
				278F02D7210B561100486093 /* POIListViewModel */,
			);
			path = POIListViewController;
			sourceTree = "<group>";
		};
		278F02DC210B577400486093 /* APIClient */ = {
			isa = PBXGroup;
			children = (
				278F02DD210B577400486093 /* APIClient.h */,
				278F02DE210B577400486093 /* APIClient.m */,
			);
			path = APIClient;
			sourceTree = "<group>";
		};
		278F02DF210B577400486093 /* NetworkManager */ = {
			isa = PBXGroup;
			children = (
				278F02E0210B577400486093 /* NetworkManager.h */,
				278F02E1210B577400486093 /* NetworkManager.m */,
			);
			path = NetworkManager;
			sourceTree = "<group>";
		};
		278F02E4210B588200486093 /* Constants */ = {
			isa = PBXGroup;
			children = (
				278F02E5210B588200486093 /* Constants.m */,
				278F02E6210B588200486093 /* Constants.h */,
			);
			path = Constants;
			sourceTree = "<group>";
		};
		278F02E8210B6B3700486093 /* View */ = {
			isa = PBXGroup;
			children = (
				278F029D210AB28000486093 /* POIListViewController.h */,
				278F029E210AB28000486093 /* POIListViewController.m */,
				278F02E9210B6B8000486093 /* POICell.h */,
				278F02EA210B6B8000486093 /* POICell.m */,
			);
			path = View;
			sourceTree = "<group>";
		};
		2C96E11590DF749F9C338B5D /* Frameworks */ = {
			isa = PBXGroup;
			children = (
				278F02D5210B3C9500486093 /* CoreLocation.framework */,
				6972DD12987E585B306AD7B8 /* Pods_PoolMe.framework */,
				24911B400A0D806FD0FE4CD9 /* Pods_PoolMeTests.framework */,
				1A449AD8F524CC237F8A241B /* Pods_PoolMeUITests.framework */,
			);
			name = Frameworks;
			sourceTree = "<group>";
		};
		307CCC735540059A62BEFC89 /* Pods */ = {
			isa = PBXGroup;
			children = (
				CB31B7E72B6C4736DD1C7E66 /* Pods-PoolMe.debug.xcconfig */,
				7FDEF2881C30359AD9E7F3A3 /* Pods-PoolMe.release.xcconfig */,
				E7FFB599630F0529BE8979DE /* Pods-PoolMeTests.debug.xcconfig */,
				96A674FAF96D960787ACAB9D /* Pods-PoolMeTests.release.xcconfig */,
				E9B4FA329C40BBA398EB4BA9 /* Pods-PoolMeUITests.debug.xcconfig */,
				AAC436762ACC5595CFF0C909 /* Pods-PoolMeUITests.release.xcconfig */,
			);
			name = Pods;
			sourceTree = "<group>";
		};
/* End PBXGroup section */

/* Begin PBXNativeTarget section */
		278F0296210AB28000486093 /* PoolMe */ = {
			isa = PBXNativeTarget;
			buildConfigurationList = 278F02C3210AB28200486093 /* Build configuration list for PBXNativeTarget "PoolMe" */;
			buildPhases = (
				B6D4D96212B0F931CE9528B9 /* [CP] Check Pods Manifest.lock */,
				278F0293210AB28000486093 /* Sources */,
				278F0294210AB28000486093 /* Frameworks */,
				278F0295210AB28000486093 /* Resources */,
				BA59457943CB7A00D957D751 /* [CP] Embed Pods Frameworks */,
			);
			buildRules = (
			);
			dependencies = (
			);
			name = PoolMe;
			productName = PoolMe;
			productReference = 278F0297210AB28000486093 /* PoolMe.app */;
			productType = "com.apple.product-type.application";
		};
		278F02AE210AB28200486093 /* PoolMeTests */ = {
			isa = PBXNativeTarget;
			buildConfigurationList = 278F02C6210AB28200486093 /* Build configuration list for PBXNativeTarget "PoolMeTests" */;
			buildPhases = (
				89E1AFEC6653C53BA744DC18 /* [CP] Check Pods Manifest.lock */,
				278F02AB210AB28200486093 /* Sources */,
				278F02AC210AB28200486093 /* Frameworks */,
				278F02AD210AB28200486093 /* Resources */,
			);
			buildRules = (
			);
			dependencies = (
				278F02B1210AB28200486093 /* PBXTargetDependency */,
			);
			name = PoolMeTests;
			productName = PoolMeTests;
			productReference = 278F02AF210AB28200486093 /* PoolMeTests.xctest */;
			productType = "com.apple.product-type.bundle.unit-test";
		};
		278F02B9210AB28200486093 /* PoolMeUITests */ = {
			isa = PBXNativeTarget;
			buildConfigurationList = 278F02C9210AB28200486093 /* Build configuration list for PBXNativeTarget "PoolMeUITests" */;
			buildPhases = (
				2C48E58AA3585D401941458E /* [CP] Check Pods Manifest.lock */,
				278F02B6210AB28200486093 /* Sources */,
				278F02B7210AB28200486093 /* Frameworks */,
				278F02B8210AB28200486093 /* Resources */,
			);
			buildRules = (
			);
			dependencies = (
				278F02BC210AB28200486093 /* PBXTargetDependency */,
			);
			name = PoolMeUITests;
			productName = PoolMeUITests;
			productReference = 278F02BA210AB28200486093 /* PoolMeUITests.xctest */;
			productType = "com.apple.product-type.bundle.ui-testing";
		};
/* End PBXNativeTarget section */

/* Begin PBXProject section */
		278F028F210AB28000486093 /* Project object */ = {
			isa = PBXProject;
			attributes = {
				LastUpgradeCheck = 1000;
				ORGANIZATIONNAME = "Chanchal Raj";
				TargetAttributes = {
					278F0296210AB28000486093 = {
						CreatedOnToolsVersion = 10.0;
						LastSwiftMigration = 0940;
					};
					278F02AE210AB28200486093 = {
						CreatedOnToolsVersion = 10.0;
						LastSwiftMigration = 1000;
						TestTargetID = 278F0296210AB28000486093;
					};
					278F02B9210AB28200486093 = {
						CreatedOnToolsVersion = 10.0;
						TestTargetID = 278F0296210AB28000486093;
					};
				};
			};
			buildConfigurationList = 278F0292210AB28000486093 /* Build configuration list for PBXProject "PoolMe" */;
			compatibilityVersion = "Xcode 9.3";
			developmentRegion = en;
			hasScannedForEncodings = 0;
			knownRegions = (
				en,
				Base,
			);
			mainGroup = 278F028E210AB28000486093;
			productRefGroup = 278F0298210AB28000486093 /* Products */;
			projectDirPath = "";
			projectRoot = "";
			targets = (
				278F0296210AB28000486093 /* PoolMe */,
				278F02AE210AB28200486093 /* PoolMeTests */,
				278F02B9210AB28200486093 /* PoolMeUITests */,
			);
		};
/* End PBXProject section */

/* Begin PBXResourcesBuildPhase section */
		278F0295210AB28000486093 /* Resources */ = {
			isa = PBXResourcesBuildPhase;
			buildActionMask = 2147483647;
			files = (
				278F02A7210AB28100486093 /* LaunchScreen.storyboard in Resources */,
				278F02A4210AB28100486093 /* Assets.xcassets in Resources */,
				278F02A2210AB28000486093 /* Main.storyboard in Resources */,
			);
			runOnlyForDeploymentPostprocessing = 0;
		};
		278F02AD210AB28200486093 /* Resources */ = {
			isa = PBXResourcesBuildPhase;
			buildActionMask = 2147483647;
			files = (
			);
			runOnlyForDeploymentPostprocessing = 0;
		};
		278F02B8210AB28200486093 /* Resources */ = {
			isa = PBXResourcesBuildPhase;
			buildActionMask = 2147483647;
			files = (
			);
			runOnlyForDeploymentPostprocessing = 0;
		};
/* End PBXResourcesBuildPhase section */

/* Begin PBXShellScriptBuildPhase section */
		2C48E58AA3585D401941458E /* [CP] Check Pods Manifest.lock */ = {
			isa = PBXShellScriptBuildPhase;
			buildActionMask = 2147483647;
			files = (
			);
			inputPaths = (
				"${PODS_PODFILE_DIR_PATH}/Podfile.lock",
				"${PODS_ROOT}/Manifest.lock",
			);
			name = "[CP] Check Pods Manifest.lock";
			outputPaths = (
				"$(DERIVED_FILE_DIR)/Pods-PoolMeUITests-checkManifestLockResult.txt",
			);
			runOnlyForDeploymentPostprocessing = 0;
			shellPath = /bin/sh;
			shellScript = "diff \"${PODS_PODFILE_DIR_PATH}/Podfile.lock\" \"${PODS_ROOT}/Manifest.lock\" > /dev/null\nif [ $? != 0 ] ; then\n    # print error to STDERR\n    echo \"error: The sandbox is not in sync with the Podfile.lock. Run 'pod install' or update your CocoaPods installation.\" >&2\n    exit 1\nfi\n# This output is used by Xcode 'outputs' to avoid re-running this script phase.\necho \"SUCCESS\" > \"${SCRIPT_OUTPUT_FILE_0}\"\n";
			showEnvVarsInLog = 0;
		};
		89E1AFEC6653C53BA744DC18 /* [CP] Check Pods Manifest.lock */ = {
			isa = PBXShellScriptBuildPhase;
			buildActionMask = 2147483647;
			files = (
			);
			inputPaths = (
				"${PODS_PODFILE_DIR_PATH}/Podfile.lock",
				"${PODS_ROOT}/Manifest.lock",
			);
			name = "[CP] Check Pods Manifest.lock";
			outputPaths = (
				"$(DERIVED_FILE_DIR)/Pods-PoolMeTests-checkManifestLockResult.txt",
			);
			runOnlyForDeploymentPostprocessing = 0;
			shellPath = /bin/sh;
			shellScript = "diff \"${PODS_PODFILE_DIR_PATH}/Podfile.lock\" \"${PODS_ROOT}/Manifest.lock\" > /dev/null\nif [ $? != 0 ] ; then\n    # print error to STDERR\n    echo \"error: The sandbox is not in sync with the Podfile.lock. Run 'pod install' or update your CocoaPods installation.\" >&2\n    exit 1\nfi\n# This output is used by Xcode 'outputs' to avoid re-running this script phase.\necho \"SUCCESS\" > \"${SCRIPT_OUTPUT_FILE_0}\"\n";
			showEnvVarsInLog = 0;
		};
		B6D4D96212B0F931CE9528B9 /* [CP] Check Pods Manifest.lock */ = {
			isa = PBXShellScriptBuildPhase;
			buildActionMask = 2147483647;
			files = (
			);
			inputPaths = (
				"${PODS_PODFILE_DIR_PATH}/Podfile.lock",
				"${PODS_ROOT}/Manifest.lock",
			);
			name = "[CP] Check Pods Manifest.lock";
			outputPaths = (
				"$(DERIVED_FILE_DIR)/Pods-PoolMe-checkManifestLockResult.txt",
			);
			runOnlyForDeploymentPostprocessing = 0;
			shellPath = /bin/sh;
			shellScript = "diff \"${PODS_PODFILE_DIR_PATH}/Podfile.lock\" \"${PODS_ROOT}/Manifest.lock\" > /dev/null\nif [ $? != 0 ] ; then\n    # print error to STDERR\n    echo \"error: The sandbox is not in sync with the Podfile.lock. Run 'pod install' or update your CocoaPods installation.\" >&2\n    exit 1\nfi\n# This output is used by Xcode 'outputs' to avoid re-running this script phase.\necho \"SUCCESS\" > \"${SCRIPT_OUTPUT_FILE_0}\"\n";
			showEnvVarsInLog = 0;
		};
		BA59457943CB7A00D957D751 /* [CP] Embed Pods Frameworks */ = {
			isa = PBXShellScriptBuildPhase;
			buildActionMask = 2147483647;
			files = (
			);
			inputPaths = (
				"${SRCROOT}/Pods/Target Support Files/Pods-PoolMe/Pods-PoolMe-frameworks.sh",
				"${BUILT_PRODUCTS_DIR}/AFNetworking/AFNetworking.framework",
				"${BUILT_PRODUCTS_DIR}/ReactiveObjC/ReactiveObjC.framework",
				"${BUILT_PRODUCTS_DIR}/RxSwift/RxSwift.framework",
			);
			name = "[CP] Embed Pods Frameworks";
			outputPaths = (
				"${TARGET_BUILD_DIR}/${FRAMEWORKS_FOLDER_PATH}/AFNetworking.framework",
				"${TARGET_BUILD_DIR}/${FRAMEWORKS_FOLDER_PATH}/ReactiveObjC.framework",
				"${TARGET_BUILD_DIR}/${FRAMEWORKS_FOLDER_PATH}/RxSwift.framework",
			);
			runOnlyForDeploymentPostprocessing = 0;
			shellPath = /bin/sh;
			shellScript = "\"${SRCROOT}/Pods/Target Support Files/Pods-PoolMe/Pods-PoolMe-frameworks.sh\"\n";
			showEnvVarsInLog = 0;
		};
/* End PBXShellScriptBuildPhase section */

/* Begin PBXSourcesBuildPhase section */
		278F0293210AB28000486093 /* Sources */ = {
			isa = PBXSourcesBuildPhase;
			buildActionMask = 2147483647;
			files = (
				2760EF42210B808D00063484 /* MapViewController.swift in Sources */,
				278F02D1210B2E4F00486093 /* Poi.m in Sources */,
				277563E9210E010B000A1042 /* UIColor+GlobalColors.m in Sources */,
				278F02E3210B577400486093 /* NetworkManager.m in Sources */,
				277563ED210E0881000A1042 /* PaddedLabel.swift in Sources */,
				278F02E2210B577400486093 /* APIClient.m in Sources */,
				278F02EB210B6B8000486093 /* POICell.m in Sources */,
				278F02E7210B588200486093 /* Constants.m in Sources */,
				2760EF45210B816F00063484 /* MapViewViewModel.swift in Sources */,
				278F029F210AB28000486093 /* POIListViewController.m in Sources */,
				278F02AA210AB28100486093 /* main.m in Sources */,
				278F02EE210B6C1600486093 /* POICellViewModel.m in Sources */,
				278F02DB210B567C00486093 /* POIListViewModel.m in Sources */,
				278F029C210AB28000486093 /* AppDelegate.m in Sources */,
			);
			runOnlyForDeploymentPostprocessing = 0;
		};
		278F02AB210AB28200486093 /* Sources */ = {
			isa = PBXSourcesBuildPhase;
			buildActionMask = 2147483647;
			files = (
				277563E3210DD5C0000A1042 /* PoiModelTests.swift in Sources */,
				278F02B4210AB28200486093 /* PoolMeTests.m in Sources */,
				277563E0210DBAE5000A1042 /* APIClientTests.swift in Sources */,
			);
			runOnlyForDeploymentPostprocessing = 0;
		};
		278F02B6210AB28200486093 /* Sources */ = {
			isa = PBXSourcesBuildPhase;
			buildActionMask = 2147483647;
			files = (
				278F02BF210AB28200486093 /* PoolMeUITests.m in Sources */,
			);
			runOnlyForDeploymentPostprocessing = 0;
		};
/* End PBXSourcesBuildPhase section */

/* Begin PBXTargetDependency section */
		278F02B1210AB28200486093 /* PBXTargetDependency */ = {
			isa = PBXTargetDependency;
			target = 278F0296210AB28000486093 /* PoolMe */;
			targetProxy = 278F02B0210AB28200486093 /* PBXContainerItemProxy */;
		};
		278F02BC210AB28200486093 /* PBXTargetDependency */ = {
			isa = PBXTargetDependency;
			target = 278F0296210AB28000486093 /* PoolMe */;
			targetProxy = 278F02BB210AB28200486093 /* PBXContainerItemProxy */;
		};
/* End PBXTargetDependency section */

/* Begin PBXVariantGroup section */
		278F02A0210AB28000486093 /* Main.storyboard */ = {
			isa = PBXVariantGroup;
			children = (
				278F02A1210AB28000486093 /* Base */,
			);
			name = Main.storyboard;
			sourceTree = "<group>";
		};
		278F02A5210AB28100486093 /* LaunchScreen.storyboard */ = {
			isa = PBXVariantGroup;
			children = (
				278F02A6210AB28100486093 /* Base */,
			);
			name = LaunchScreen.storyboard;
			sourceTree = "<group>";
		};
/* End PBXVariantGroup section */

/* Begin XCBuildConfiguration section */
		278F02C1210AB28200486093 /* Debug */ = {
			isa = XCBuildConfiguration;
			buildSettings = {
				ALWAYS_SEARCH_USER_PATHS = NO;
				CLANG_ANALYZER_NONNULL = YES;
				CLANG_ANALYZER_NUMBER_OBJECT_CONVERSION = YES_AGGRESSIVE;
				CLANG_CXX_LANGUAGE_STANDARD = "gnu++14";
				CLANG_CXX_LIBRARY = "libc++";
				CLANG_ENABLE_MODULES = YES;
				CLANG_ENABLE_OBJC_ARC = YES;
				CLANG_ENABLE_OBJC_WEAK = YES;
				CLANG_WARN_BLOCK_CAPTURE_AUTORELEASING = YES;
				CLANG_WARN_BOOL_CONVERSION = YES;
				CLANG_WARN_COMMA = YES;
				CLANG_WARN_CONSTANT_CONVERSION = YES;
				CLANG_WARN_DEPRECATED_OBJC_IMPLEMENTATIONS = YES;
				CLANG_WARN_DIRECT_OBJC_ISA_USAGE = YES_ERROR;
				CLANG_WARN_DOCUMENTATION_COMMENTS = YES;
				CLANG_WARN_EMPTY_BODY = YES;
				CLANG_WARN_ENUM_CONVERSION = YES;
				CLANG_WARN_INFINITE_RECURSION = YES;
				CLANG_WARN_INT_CONVERSION = YES;
				CLANG_WARN_NON_LITERAL_NULL_CONVERSION = YES;
				CLANG_WARN_OBJC_IMPLICIT_RETAIN_SELF = YES;
				CLANG_WARN_OBJC_LITERAL_CONVERSION = YES;
				CLANG_WARN_OBJC_ROOT_CLASS = YES_ERROR;
				CLANG_WARN_RANGE_LOOP_ANALYSIS = YES;
				CLANG_WARN_STRICT_PROTOTYPES = YES;
				CLANG_WARN_SUSPICIOUS_MOVE = YES;
				CLANG_WARN_UNGUARDED_AVAILABILITY = YES_AGGRESSIVE;
				CLANG_WARN_UNREACHABLE_CODE = YES;
				CLANG_WARN__DUPLICATE_METHOD_MATCH = YES;
				CODE_SIGN_IDENTITY = "iPhone Developer";
				COPY_PHASE_STRIP = NO;
				DEBUG_INFORMATION_FORMAT = dwarf;
				ENABLE_STRICT_OBJC_MSGSEND = YES;
				ENABLE_TESTABILITY = YES;
				GCC_C_LANGUAGE_STANDARD = gnu11;
				GCC_DYNAMIC_NO_PIC = NO;
				GCC_NO_COMMON_BLOCKS = YES;
				GCC_OPTIMIZATION_LEVEL = 0;
				GCC_PREPROCESSOR_DEFINITIONS = (
					"DEBUG=1",
					"$(inherited)",
				);
				GCC_WARN_64_TO_32_BIT_CONVERSION = YES;
				GCC_WARN_ABOUT_RETURN_TYPE = YES_ERROR;
				GCC_WARN_UNDECLARED_SELECTOR = YES;
				GCC_WARN_UNINITIALIZED_AUTOS = YES_AGGRESSIVE;
				GCC_WARN_UNUSED_FUNCTION = YES;
				GCC_WARN_UNUSED_VARIABLE = YES;
				IPHONEOS_DEPLOYMENT_TARGET = 12.0;
				MTL_ENABLE_DEBUG_INFO = INCLUDE_SOURCE;
				MTL_FAST_MATH = YES;
				ONLY_ACTIVE_ARCH = YES;
				SDKROOT = iphoneos;
			};
			name = Debug;
		};
		278F02C2210AB28200486093 /* Release */ = {
			isa = XCBuildConfiguration;
			buildSettings = {
				ALWAYS_SEARCH_USER_PATHS = NO;
				CLANG_ANALYZER_NONNULL = YES;
				CLANG_ANALYZER_NUMBER_OBJECT_CONVERSION = YES_AGGRESSIVE;
				CLANG_CXX_LANGUAGE_STANDARD = "gnu++14";
				CLANG_CXX_LIBRARY = "libc++";
				CLANG_ENABLE_MODULES = YES;
				CLANG_ENABLE_OBJC_ARC = YES;
				CLANG_ENABLE_OBJC_WEAK = YES;
				CLANG_WARN_BLOCK_CAPTURE_AUTORELEASING = YES;
				CLANG_WARN_BOOL_CONVERSION = YES;
				CLANG_WARN_COMMA = YES;
				CLANG_WARN_CONSTANT_CONVERSION = YES;
				CLANG_WARN_DEPRECATED_OBJC_IMPLEMENTATIONS = YES;
				CLANG_WARN_DIRECT_OBJC_ISA_USAGE = YES_ERROR;
				CLANG_WARN_DOCUMENTATION_COMMENTS = YES;
				CLANG_WARN_EMPTY_BODY = YES;
				CLANG_WARN_ENUM_CONVERSION = YES;
				CLANG_WARN_INFINITE_RECURSION = YES;
				CLANG_WARN_INT_CONVERSION = YES;
				CLANG_WARN_NON_LITERAL_NULL_CONVERSION = YES;
				CLANG_WARN_OBJC_IMPLICIT_RETAIN_SELF = YES;
				CLANG_WARN_OBJC_LITERAL_CONVERSION = YES;
				CLANG_WARN_OBJC_ROOT_CLASS = YES_ERROR;
				CLANG_WARN_RANGE_LOOP_ANALYSIS = YES;
				CLANG_WARN_STRICT_PROTOTYPES = YES;
				CLANG_WARN_SUSPICIOUS_MOVE = YES;
				CLANG_WARN_UNGUARDED_AVAILABILITY = YES_AGGRESSIVE;
				CLANG_WARN_UNREACHABLE_CODE = YES;
				CLANG_WARN__DUPLICATE_METHOD_MATCH = YES;
				CODE_SIGN_IDENTITY = "iPhone Developer";
				COPY_PHASE_STRIP = NO;
				DEBUG_INFORMATION_FORMAT = "dwarf-with-dsym";
				ENABLE_NS_ASSERTIONS = NO;
				ENABLE_STRICT_OBJC_MSGSEND = YES;
				GCC_C_LANGUAGE_STANDARD = gnu11;
				GCC_NO_COMMON_BLOCKS = YES;
				GCC_WARN_64_TO_32_BIT_CONVERSION = YES;
				GCC_WARN_ABOUT_RETURN_TYPE = YES_ERROR;
				GCC_WARN_UNDECLARED_SELECTOR = YES;
				GCC_WARN_UNINITIALIZED_AUTOS = YES_AGGRESSIVE;
				GCC_WARN_UNUSED_FUNCTION = YES;
				GCC_WARN_UNUSED_VARIABLE = YES;
				IPHONEOS_DEPLOYMENT_TARGET = 12.0;
				MTL_ENABLE_DEBUG_INFO = NO;
				MTL_FAST_MATH = YES;
				SDKROOT = iphoneos;
				VALIDATE_PRODUCT = YES;
			};
			name = Release;
		};
		278F02C4210AB28200486093 /* Debug */ = {
			isa = XCBuildConfiguration;
			baseConfigurationReference = CB31B7E72B6C4736DD1C7E66 /* Pods-PoolMe.debug.xcconfig */;
			buildSettings = {
				ASSETCATALOG_COMPILER_APPICON_NAME = AppIcon;
				CLANG_ENABLE_MODULES = YES;
				CODE_SIGN_STYLE = Automatic;
				DEVELOPMENT_TEAM = 3U7U6K4WE2;
				FRAMEWORK_SEARCH_PATHS = (
					"$(inherited)",
					"$(PROJECT_DIR)/Carthage/Build/iOS",
				);
				INFOPLIST_FILE = PoolMe/Info.plist;
				IPHONEOS_DEPLOYMENT_TARGET = 10.0;
				LD_RUNPATH_SEARCH_PATHS = (
					"$(inherited)",
					"@executable_path/Frameworks",
				);
				PRODUCT_BUNDLE_IDENTIFIER = com.yourcompany.PoolMe;
				PRODUCT_NAME = "$(TARGET_NAME)";
				SWIFT_OBJC_BRIDGING_HEADER = "PoolMe/SupportingFiles/PoolMe-Bridging-Header.h";
				SWIFT_OPTIMIZATION_LEVEL = "-Onone";
				SWIFT_VERSION = 3.0;
				TARGETED_DEVICE_FAMILY = 1;
			};
			name = Debug;
		};
		278F02C5210AB28200486093 /* Release */ = {
			isa = XCBuildConfiguration;
			baseConfigurationReference = 7FDEF2881C30359AD9E7F3A3 /* Pods-PoolMe.release.xcconfig */;
			buildSettings = {
				ASSETCATALOG_COMPILER_APPICON_NAME = AppIcon;
				CLANG_ENABLE_MODULES = YES;
				CODE_SIGN_STYLE = Automatic;
				DEVELOPMENT_TEAM = 3U7U6K4WE2;
				FRAMEWORK_SEARCH_PATHS = (
					"$(inherited)",
					"$(PROJECT_DIR)/Carthage/Build/iOS",
				);
				INFOPLIST_FILE = PoolMe/Info.plist;
				IPHONEOS_DEPLOYMENT_TARGET = 10.0;
				LD_RUNPATH_SEARCH_PATHS = (
					"$(inherited)",
					"@executable_path/Frameworks",
				);
				PRODUCT_BUNDLE_IDENTIFIER = com.yourcompany.PoolMe;
				PRODUCT_NAME = "$(TARGET_NAME)";
				SWIFT_OBJC_BRIDGING_HEADER = "PoolMe/SupportingFiles/PoolMe-Bridging-Header.h";
				SWIFT_VERSION = 3.0;
				TARGETED_DEVICE_FAMILY = 1;
			};
			name = Release;
		};
		278F02C7210AB28200486093 /* Debug */ = {
			isa = XCBuildConfiguration;
			baseConfigurationReference = E7FFB599630F0529BE8979DE /* Pods-PoolMeTests.debug.xcconfig */;
			buildSettings = {
				ALWAYS_EMBED_SWIFT_STANDARD_LIBRARIES = YES;
				BUNDLE_LOADER = "$(TEST_HOST)";
				CLANG_ENABLE_MODULES = YES;
				CODE_SIGN_STYLE = Automatic;
				DEVELOPMENT_TEAM = 3U7U6K4WE2;
				INFOPLIST_FILE = PoolMeTests/Info.plist;
				LD_RUNPATH_SEARCH_PATHS = (
					"$(inherited)",
					"@executable_path/Frameworks",
					"@loader_path/Frameworks",
				);
				PRODUCT_BUNDLE_IDENTIFIER = com.yourcompany.PoolMeTests;
				PRODUCT_NAME = "$(TARGET_NAME)";
				SWIFT_OBJC_BRIDGING_HEADER = "PoolMeTests/Networking/API Client/PoolMeTests-Bridging-Header.h";
				SWIFT_OPTIMIZATION_LEVEL = "-Onone";
				SWIFT_VERSION = 4.2;
				TARGETED_DEVICE_FAMILY = "1,2";
				TEST_HOST = "$(BUILT_PRODUCTS_DIR)/PoolMe.app/PoolMe";
			};
			name = Debug;
		};
		278F02C8210AB28200486093 /* Release */ = {
			isa = XCBuildConfiguration;
			baseConfigurationReference = 96A674FAF96D960787ACAB9D /* Pods-PoolMeTests.release.xcconfig */;
			buildSettings = {
				ALWAYS_EMBED_SWIFT_STANDARD_LIBRARIES = YES;
				BUNDLE_LOADER = "$(TEST_HOST)";
				CLANG_ENABLE_MODULES = YES;
				CODE_SIGN_STYLE = Automatic;
				DEVELOPMENT_TEAM = 3U7U6K4WE2;
				INFOPLIST_FILE = PoolMeTests/Info.plist;
				LD_RUNPATH_SEARCH_PATHS = (
					"$(inherited)",
					"@executable_path/Frameworks",
					"@loader_path/Frameworks",
				);
				PRODUCT_BUNDLE_IDENTIFIER = com.yourcompany.PoolMeTests;
				PRODUCT_NAME = "$(TARGET_NAME)";
				SWIFT_OBJC_BRIDGING_HEADER = "PoolMeTests/Networking/API Client/PoolMeTests-Bridging-Header.h";
				SWIFT_VERSION = 4.2;
				TARGETED_DEVICE_FAMILY = "1,2";
				TEST_HOST = "$(BUILT_PRODUCTS_DIR)/PoolMe.app/PoolMe";
			};
			name = Release;
		};
		278F02CA210AB28200486093 /* Debug */ = {
			isa = XCBuildConfiguration;
			baseConfigurationReference = E9B4FA329C40BBA398EB4BA9 /* Pods-PoolMeUITests.debug.xcconfig */;
			buildSettings = {
				ALWAYS_EMBED_SWIFT_STANDARD_LIBRARIES = YES;
				CODE_SIGN_STYLE = Automatic;
				INFOPLIST_FILE = PoolMeUITests/Info.plist;
				LD_RUNPATH_SEARCH_PATHS = (
					"$(inherited)",
					"@executable_path/Frameworks",
					"@loader_path/Frameworks",
				);
				PRODUCT_BUNDLE_IDENTIFIER = com.yourcompany.PoolMeUITests;
				PRODUCT_NAME = "$(TARGET_NAME)";
				TARGETED_DEVICE_FAMILY = "1,2";
				TEST_TARGET_NAME = PoolMe;
			};
			name = Debug;
		};
		278F02CB210AB28200486093 /* Release */ = {
			isa = XCBuildConfiguration;
			baseConfigurationReference = AAC436762ACC5595CFF0C909 /* Pods-PoolMeUITests.release.xcconfig */;
			buildSettings = {
				ALWAYS_EMBED_SWIFT_STANDARD_LIBRARIES = YES;
				CODE_SIGN_STYLE = Automatic;
				INFOPLIST_FILE = PoolMeUITests/Info.plist;
				LD_RUNPATH_SEARCH_PATHS = (
					"$(inherited)",
					"@executable_path/Frameworks",
					"@loader_path/Frameworks",
				);
				PRODUCT_BUNDLE_IDENTIFIER = com.yourcompany.PoolMeUITests;
				PRODUCT_NAME = "$(TARGET_NAME)";
				TARGETED_DEVICE_FAMILY = "1,2";
				TEST_TARGET_NAME = PoolMe;
			};
			name = Release;
		};
/* End XCBuildConfiguration section */

/* Begin XCConfigurationList section */
		278F0292210AB28000486093 /* Build configuration list for PBXProject "PoolMe" */ = {
			isa = XCConfigurationList;
			buildConfigurations = (
				278F02C1210AB28200486093 /* Debug */,
				278F02C2210AB28200486093 /* Release */,
			);
			defaultConfigurationIsVisible = 0;
			defaultConfigurationName = Release;
		};
		278F02C3210AB28200486093 /* Build configuration list for PBXNativeTarget "PoolMe" */ = {
			isa = XCConfigurationList;
			buildConfigurations = (
				278F02C4210AB28200486093 /* Debug */,
				278F02C5210AB28200486093 /* Release */,
			);
			defaultConfigurationIsVisible = 0;
			defaultConfigurationName = Release;
		};
		278F02C6210AB28200486093 /* Build configuration list for PBXNativeTarget "PoolMeTests" */ = {
			isa = XCConfigurationList;
			buildConfigurations = (
				278F02C7210AB28200486093 /* Debug */,
				278F02C8210AB28200486093 /* Release */,
			);
			defaultConfigurationIsVisible = 0;
			defaultConfigurationName = Release;
		};
		278F02C9210AB28200486093 /* Build configuration list for PBXNativeTarget "PoolMeUITests" */ = {
			isa = XCConfigurationList;
			buildConfigurations = (
				278F02CA210AB28200486093 /* Debug */,
				278F02CB210AB28200486093 /* Release */,
			);
			defaultConfigurationIsVisible = 0;
			defaultConfigurationName = Release;
		};
/* End XCConfigurationList section */
	};
	rootObject = 278F028F210AB28000486093 /* Project object */;
}
